
Microsoft Visual Studio Solution File, Format Version 12.00
# Visual Studio 14
VisualStudioVersion = 14.0.23107.0
MinimumVisualStudioVersion = 10.0.40219.1
Project("{FAE04EC0-301F-11D3-BF4B-00C04F79EFBC}") = "Gui", "Gui\Gui.csproj", "{E3F23EA5-401D-4A9D-8EEB-676AD6D58AC5}"
EndProject
Project("{FAE04EC0-301F-11D3-BF4B-00C04F79EFBC}") = "LetsPlayAppModelLibrary", "LetsPlayAppModelLibrary\LetsPlayAppModelLibrary.csproj", "{9EC99201-AB6A-4578-9DCA-C73885DD9111}"
EndProject
Project("{00D1A9C2-B5F0-4AF3-8072-F6C62B433612}") = "LetPlasyAppDatabase", "LetPlasyAppDatabase\LetPlasyAppDatabase.sqlproj", "{730072D7-EE8F-4A54-BF89-3E8A20C8AFFE}"
EndProject
Global
	GlobalSection(SolutionConfigurationPlatforms) = preSolution
		Debug|Any CPU = Debug|Any CPU
		Release|Any CPU = Release|Any CPU
	EndGlobalSection
	GlobalSection(ProjectConfigurationPlatforms) = postSolution
		{E3F23EA5-401D-4A9D-8EEB-676AD6D58AC5}.Debug|Any CPU.ActiveCfg = Debug|Any CPU
		{E3F23EA5-401D-4A9D-8EEB-676AD6D58AC5}.Debug|Any CPU.Build.0 = Debug|Any CPU
		{E3F23EA5-401D-4A9D-8EEB-676AD6D58AC5}.Release|Any CPU.ActiveCfg = Release|Any CPU
		{E3F23EA5-401D-4A9D-8EEB-676AD6D58AC5}.Release|Any CPU.Build.0 = Release|Any CPU
		{9EC99201-AB6A-4578-9DCA-C73885DD9111}.Debug|Any CPU.ActiveCfg = Debug|Any CPU
		{9EC99201-AB6A-4578-9DCA-C73885DD9111}.Debug|Any CPU.Build.0 = Debug|Any CPU
		{9EC99201-AB6A-4578-9DCA-C73885DD9111}.Release|Any CPU.ActiveCfg = Release|Any CPU
		{9EC99201-AB6A-4578-9DCA-C73885DD9111}.Release|Any CPU.Build.0 = Release|Any CPU
		{730072D7-EE8F-4A54-BF89-3E8A20C8AFFE}.Debug|Any CPU.ActiveCfg = Debug|Any CPU
		{730072D7-EE8F-4A54-BF89-3E8A20C8AFFE}.Debug|Any CPU.Build.0 = Debug|Any CPU
		{730072D7-EE8F-4A54-BF89-3E8A20C8AFFE}.Debug|Any CPU.Deploy.0 = Debug|Any CPU
		{730072D7-EE8F-4A54-BF89-3E8A20C8AFFE}.Release|Any CPU.ActiveCfg = Release|Any CPU
		{730072D7-EE8F-4A54-BF89-3E8A20C8AFFE}.Release|Any CPU.Build.0 = Release|Any CPU
		{730072D7-EE8F-4A54-BF89-3E8A20C8AFFE}.Release|Any CPU.Deploy.0 = Release|Any CPU
	EndGlobalSection
	GlobalSection(SolutionProperties) = preSolution
		HideSolutionNode = FALSE
	EndGlobalSection
EndGlobal
